
Microsoft Visual Studio Solution File, Format Version 12.00
# Visual Studio Version 17
VisualStudioVersion = 17.0.31903.59
MinimumVisualStudioVersion = 10.0.40219.1
Project("{9A19103F-16F7-4668-BE54-9A1E7A4F7556}") = "Day1", "2021\Day1\Day1.csproj", "{78034916-8981-475F-8D86-73836F853EFE}"
EndProject
Project("{2150E333-8FDC-42A3-9474-1A3956D46DE8}") = "2021", "2021", "{F79082C0-8708-4BFA-8374-12E2BDAF724E}"
EndProject
Project("{9A19103F-16F7-4668-BE54-9A1E7A4F7556}") = "Day2", "2021\Day2\Day2.csproj", "{D15E0974-ADDE-4344-BC25-A07C2DB87373}"
EndProject
Project("{9A19103F-16F7-4668-BE54-9A1E7A4F7556}") = "Day3", "2021\Day3\Day3.csproj", "{8C71EF47-6EC0-440F-AA31-7DBF08BBF647}"
EndProject
Project("{2150E333-8FDC-42A3-9474-1A3956D46DE8}") = "Solution Items", "Solution Items", "{6EC12A42-D7C9-48D6-B7AA-B4F44E6E2D16}"
	ProjectSection(SolutionItems) = preProject
		.editorconfig = .editorconfig
	EndProjectSection
EndProject
Project("{9A19103F-16F7-4668-BE54-9A1E7A4F7556}") = "Day4", "2021\Day4\Day4.csproj", "{4FB1F46A-76CE-482E-8455-9B4D851C3543}"
EndProject
Project("{9A19103F-16F7-4668-BE54-9A1E7A4F7556}") = "Day5", "2021\Day5\Day5.csproj", "{5363190A-4E7C-413F-920E-65892FBC8B2B}"
EndProject
Project("{9A19103F-16F7-4668-BE54-9A1E7A4F7556}") = "Core", "Core\Core.csproj", "{ECA0D7B5-6344-4A35-A751-07D064CBC382}"
EndProject
Project("{9A19103F-16F7-4668-BE54-9A1E7A4F7556}") = "Day6", "2021\Day6\Day6.csproj", "{6C715F80-9AFD-4CAB-8F54-385EA96FBE8F}"
EndProject
Project("{9A19103F-16F7-4668-BE54-9A1E7A4F7556}") = "Day7", "2021\Day7\Day7.csproj", "{4355ED1E-7DBF-48C0-AA81-67EA6C425805}"
EndProject
Project("{9A19103F-16F7-4668-BE54-9A1E7A4F7556}") = "Day8", "2021\Day8\Day8.csproj", "{A7B6A599-6894-412A-B217-98A281AF283F}"
EndProject
Project("{9A19103F-16F7-4668-BE54-9A1E7A4F7556}") = "Day9", "2021\Day9\Day9.csproj", "{95ECCB91-76F2-468E-A44E-B7CD96AC9A63}"
EndProject
Project("{9A19103F-16F7-4668-BE54-9A1E7A4F7556}") = "Day10", "2021\Day10\Day10.csproj", "{036E76A8-1EA1-45B5-B918-7D3D3804615E}"
EndProject
Project("{9A19103F-16F7-4668-BE54-9A1E7A4F7556}") = "Day11", "2021\Day11\Day11.csproj", "{63D50B03-EC05-4F0A-BAB3-9BBA836BF5EA}"
EndProject
Project("{9A19103F-16F7-4668-BE54-9A1E7A4F7556}") = "Day12", "2021\Day12\Day12.csproj", "{143F8187-ECE6-4524-9899-8D463A7E242B}"
EndProject
Project("{9A19103F-16F7-4668-BE54-9A1E7A4F7556}") = "Day13", "2021\Day13\Day13.csproj", "{18627121-3F08-43F9-BCDD-202C54A06F9B}"
EndProject
Project("{9A19103F-16F7-4668-BE54-9A1E7A4F7556}") = "Day14", "2021\Day14\Day14.csproj", "{967522C7-B679-4AFA-AB47-7193E0482491}"
EndProject
Project("{9A19103F-16F7-4668-BE54-9A1E7A4F7556}") = "Day15", "2021\Day15\Day15.csproj", "{D74FBE7E-CC74-4BFC-BCA1-A644081CB38A}"
EndProject
Project("{9A19103F-16F7-4668-BE54-9A1E7A4F7556}") = "Day16", "2021\Day16\Day16.csproj", "{A5E2FD3E-0FD9-4C81-8625-784479F21CD0}"
EndProject
Project("{9A19103F-16F7-4668-BE54-9A1E7A4F7556}") = "Day17", "2021\Day17\Day17.csproj", "{FCDCF375-77EF-425A-BBF5-8FFCD4069BA2}"
EndProject
Project("{9A19103F-16F7-4668-BE54-9A1E7A4F7556}") = "Day18", "2021\Day18\Day18.csproj", "{4078E5D7-E310-4EE0-B79C-1EA8AF25FFD4}"
EndProject
Project("{9A19103F-16F7-4668-BE54-9A1E7A4F7556}") = "Day19", "2021\Day19\Day19.csproj", "{FA62ED49-FCE8-48B5-9202-13099F61175E}"
EndProject
Project("{9A19103F-16F7-4668-BE54-9A1E7A4F7556}") = "Day20", "2021\Day20\Day20.csproj", "{3E72AB87-82D8-4464-8268-0B8FAE9720C2}"
EndProject
Project("{9A19103F-16F7-4668-BE54-9A1E7A4F7556}") = "Day21", "2021\Day21\Day21.csproj", "{A873B034-7635-410F-BF0F-A47C2C0B521F}"
EndProject
Project("{9A19103F-16F7-4668-BE54-9A1E7A4F7556}") = "Day22", "2021\Day22\Day22.csproj", "{54AE7EFF-886C-45AA-AF98-932C070F2134}"
EndProject
Project("{2150E333-8FDC-42A3-9474-1A3956D46DE8}") = "2022", "2022", "{C2DDDCD8-60D3-4B06-BC1B-92431B7169AB}"
EndProject
Project("{9A19103F-16F7-4668-BE54-9A1E7A4F7556}") = "Day012022", "2022\Day012022\Day012022.csproj", "{1BF21E4B-2952-453C-882E-9C84232A738D}"
EndProject
Project("{9A19103F-16F7-4668-BE54-9A1E7A4F7556}") = "Day022022", "2022\Day022022\Day022022.csproj", "{24931136-585C-46BC-A04E-163FC2550EF5}"
EndProject
Project("{9A19103F-16F7-4668-BE54-9A1E7A4F7556}") = "Day032022", "2022\Day032022\Day032022.csproj", "{5383B88B-4F0E-4452-9462-FDB2F702D6B4}"
EndProject
Project("{9A19103F-16F7-4668-BE54-9A1E7A4F7556}") = "Day042022", "2022\Day042022\Day042022.csproj", "{BDA40C69-DBEE-40E2-9204-88B0A45B6D89}"
EndProject
Project("{9A19103F-16F7-4668-BE54-9A1E7A4F7556}") = "Day052022", "2022\Day052022\Day052022.csproj", "{552BBDA3-214F-44A5-9B04-0CB6B872768D}"
EndProject
Project("{9A19103F-16F7-4668-BE54-9A1E7A4F7556}") = "Day062022", "2022\Day062022\Day062022.csproj", "{AEE014C9-EA1D-4E07-A619-5A76550C940C}"
EndProject
Project("{9A19103F-16F7-4668-BE54-9A1E7A4F7556}") = "Day072022", "2022\Day072022\Day072022.csproj", "{4D197C63-DD6C-4DEA-9336-3A1E0EF7F49B}"
EndProject
Project("{9A19103F-16F7-4668-BE54-9A1E7A4F7556}") = "Day082022", "2022\Day082022\Day082022.csproj", "{458A541E-DA5E-4F34-91B7-F143EA96A543}"
EndProject
Project("{9A19103F-16F7-4668-BE54-9A1E7A4F7556}") = "Day092022", "2022\Day092022\Day092022.csproj", "{D5D975E0-8B43-461D-90E8-10FCE2902530}"
EndProject
Project("{9A19103F-16F7-4668-BE54-9A1E7A4F7556}") = "Day102022", "2022\Day102022\Day102022.csproj", "{29100D7B-793C-4FE9-8318-99EF598EAD09}"
EndProject
Project("{9A19103F-16F7-4668-BE54-9A1E7A4F7556}") = "Day112022", "2022\Day112022\Day112022.csproj", "{96ABAE6F-9E96-4A2F-912A-05E62672C8BC}"
EndProject
Project("{9A19103F-16F7-4668-BE54-9A1E7A4F7556}") = "Day122022", "2022\Day122022\Day122022.csproj", "{B2DB017D-52E4-41E7-850D-FF36677E5944}"
EndProject
Project("{9A19103F-16F7-4668-BE54-9A1E7A4F7556}") = "Day132022", "2022\Day132022\Day132022.csproj", "{E9592D8D-D356-4627-BDBB-33262509638A}"
EndProject
Project("{9A19103F-16F7-4668-BE54-9A1E7A4F7556}") = "Year2022.Day14", "2022\Year2022.Day14\Year2022.Day14.csproj", "{B7173FD1-034F-4586-8D3D-376EFEE239A2}"
EndProject
Project("{9A19103F-16F7-4668-BE54-9A1E7A4F7556}") = "Year2022.Day15", "2022\Year2022.Day15\Year2022.Day15.csproj", "{43D837F3-D599-4D3F-BD9D-8021CC92A561}"
EndProject
Project("{2150E333-8FDC-42A3-9474-1A3956D46DE8}") = "2023", "2023", "{E890AB73-A430-437F-9FD8-A01916343116}"
EndProject
Project("{9A19103F-16F7-4668-BE54-9A1E7A4F7556}") = "Day012023", "2023\Day012023\Day012023.csproj", "{B5BB3824-661F-4C07-B7E0-B7E093E091B3}"
EndProject
Project("{9A19103F-16F7-4668-BE54-9A1E7A4F7556}") = "Day022023", "2023\Day022023\Day022023.csproj", "{E40495A0-266F-4148-9B95-D7CBA869369C}"
EndProject
Project("{9A19103F-16F7-4668-BE54-9A1E7A4F7556}") = "Day032023", "2023\Day032023\Day032023.csproj", "{8D9CC36B-A7E8-4AD6-A0FE-A70D9DCE8A50}"
EndProject
Project("{FAE04EC0-301F-11D3-BF4B-00C04F79EFBC}") = "Day042023", "2023\Day042023\Day042023.csproj", "{2FD2D762-12FC-4DDA-8D06-3F33D639C565}"
EndProject
Global
	GlobalSection(SolutionConfigurationPlatforms) = preSolution
		Debug|Any CPU = Debug|Any CPU
		Release|Any CPU = Release|Any CPU
	EndGlobalSection
	GlobalSection(ProjectConfigurationPlatforms) = postSolution
		{78034916-8981-475F-8D86-73836F853EFE}.Debug|Any CPU.ActiveCfg = Debug|Any CPU
		{78034916-8981-475F-8D86-73836F853EFE}.Debug|Any CPU.Build.0 = Debug|Any CPU
		{78034916-8981-475F-8D86-73836F853EFE}.Release|Any CPU.ActiveCfg = Release|Any CPU
		{78034916-8981-475F-8D86-73836F853EFE}.Release|Any CPU.Build.0 = Release|Any CPU
		{D15E0974-ADDE-4344-BC25-A07C2DB87373}.Debug|Any CPU.ActiveCfg = Debug|Any CPU
		{D15E0974-ADDE-4344-BC25-A07C2DB87373}.Debug|Any CPU.Build.0 = Debug|Any CPU
		{D15E0974-ADDE-4344-BC25-A07C2DB87373}.Release|Any CPU.ActiveCfg = Release|Any CPU
		{D15E0974-ADDE-4344-BC25-A07C2DB87373}.Release|Any CPU.Build.0 = Release|Any CPU
		{8C71EF47-6EC0-440F-AA31-7DBF08BBF647}.Debug|Any CPU.ActiveCfg = Debug|Any CPU
		{8C71EF47-6EC0-440F-AA31-7DBF08BBF647}.Debug|Any CPU.Build.0 = Debug|Any CPU
		{8C71EF47-6EC0-440F-AA31-7DBF08BBF647}.Release|Any CPU.ActiveCfg = Release|Any CPU
		{8C71EF47-6EC0-440F-AA31-7DBF08BBF647}.Release|Any CPU.Build.0 = Release|Any CPU
		{4FB1F46A-76CE-482E-8455-9B4D851C3543}.Debug|Any CPU.ActiveCfg = Debug|Any CPU
		{4FB1F46A-76CE-482E-8455-9B4D851C3543}.Debug|Any CPU.Build.0 = Debug|Any CPU
		{4FB1F46A-76CE-482E-8455-9B4D851C3543}.Release|Any CPU.ActiveCfg = Release|Any CPU
		{4FB1F46A-76CE-482E-8455-9B4D851C3543}.Release|Any CPU.Build.0 = Release|Any CPU
		{5363190A-4E7C-413F-920E-65892FBC8B2B}.Debug|Any CPU.ActiveCfg = Debug|Any CPU
		{5363190A-4E7C-413F-920E-65892FBC8B2B}.Debug|Any CPU.Build.0 = Debug|Any CPU
		{5363190A-4E7C-413F-920E-65892FBC8B2B}.Release|Any CPU.ActiveCfg = Release|Any CPU
		{5363190A-4E7C-413F-920E-65892FBC8B2B}.Release|Any CPU.Build.0 = Release|Any CPU
		{ECA0D7B5-6344-4A35-A751-07D064CBC382}.Debug|Any CPU.ActiveCfg = Debug|Any CPU
		{ECA0D7B5-6344-4A35-A751-07D064CBC382}.Debug|Any CPU.Build.0 = Debug|Any CPU
		{ECA0D7B5-6344-4A35-A751-07D064CBC382}.Release|Any CPU.ActiveCfg = Release|Any CPU
		{ECA0D7B5-6344-4A35-A751-07D064CBC382}.Release|Any CPU.Build.0 = Release|Any CPU
		{6C715F80-9AFD-4CAB-8F54-385EA96FBE8F}.Debug|Any CPU.ActiveCfg = Debug|Any CPU
		{6C715F80-9AFD-4CAB-8F54-385EA96FBE8F}.Debug|Any CPU.Build.0 = Debug|Any CPU
		{6C715F80-9AFD-4CAB-8F54-385EA96FBE8F}.Release|Any CPU.ActiveCfg = Release|Any CPU
		{6C715F80-9AFD-4CAB-8F54-385EA96FBE8F}.Release|Any CPU.Build.0 = Release|Any CPU
		{4355ED1E-7DBF-48C0-AA81-67EA6C425805}.Debug|Any CPU.ActiveCfg = Debug|Any CPU
		{4355ED1E-7DBF-48C0-AA81-67EA6C425805}.Debug|Any CPU.Build.0 = Debug|Any CPU
		{4355ED1E-7DBF-48C0-AA81-67EA6C425805}.Release|Any CPU.ActiveCfg = Release|Any CPU
		{4355ED1E-7DBF-48C0-AA81-67EA6C425805}.Release|Any CPU.Build.0 = Release|Any CPU
		{A7B6A599-6894-412A-B217-98A281AF283F}.Debug|Any CPU.ActiveCfg = Debug|Any CPU
		{A7B6A599-6894-412A-B217-98A281AF283F}.Debug|Any CPU.Build.0 = Debug|Any CPU
		{A7B6A599-6894-412A-B217-98A281AF283F}.Release|Any CPU.ActiveCfg = Release|Any CPU
		{A7B6A599-6894-412A-B217-98A281AF283F}.Release|Any CPU.Build.0 = Release|Any CPU
		{95ECCB91-76F2-468E-A44E-B7CD96AC9A63}.Debug|Any CPU.ActiveCfg = Debug|Any CPU
		{95ECCB91-76F2-468E-A44E-B7CD96AC9A63}.Debug|Any CPU.Build.0 = Debug|Any CPU
		{95ECCB91-76F2-468E-A44E-B7CD96AC9A63}.Release|Any CPU.ActiveCfg = Release|Any CPU
		{95ECCB91-76F2-468E-A44E-B7CD96AC9A63}.Release|Any CPU.Build.0 = Release|Any CPU
		{036E76A8-1EA1-45B5-B918-7D3D3804615E}.Debug|Any CPU.ActiveCfg = Debug|Any CPU
		{036E76A8-1EA1-45B5-B918-7D3D3804615E}.Debug|Any CPU.Build.0 = Debug|Any CPU
		{036E76A8-1EA1-45B5-B918-7D3D3804615E}.Release|Any CPU.ActiveCfg = Release|Any CPU
		{036E76A8-1EA1-45B5-B918-7D3D3804615E}.Release|Any CPU.Build.0 = Release|Any CPU
		{63D50B03-EC05-4F0A-BAB3-9BBA836BF5EA}.Debug|Any CPU.ActiveCfg = Debug|Any CPU
		{63D50B03-EC05-4F0A-BAB3-9BBA836BF5EA}.Debug|Any CPU.Build.0 = Debug|Any CPU
		{63D50B03-EC05-4F0A-BAB3-9BBA836BF5EA}.Release|Any CPU.ActiveCfg = Release|Any CPU
		{63D50B03-EC05-4F0A-BAB3-9BBA836BF5EA}.Release|Any CPU.Build.0 = Release|Any CPU
		{143F8187-ECE6-4524-9899-8D463A7E242B}.Debug|Any CPU.ActiveCfg = Debug|Any CPU
		{143F8187-ECE6-4524-9899-8D463A7E242B}.Debug|Any CPU.Build.0 = Debug|Any CPU
		{143F8187-ECE6-4524-9899-8D463A7E242B}.Release|Any CPU.ActiveCfg = Release|Any CPU
		{143F8187-ECE6-4524-9899-8D463A7E242B}.Release|Any CPU.Build.0 = Release|Any CPU
		{18627121-3F08-43F9-BCDD-202C54A06F9B}.Debug|Any CPU.ActiveCfg = Debug|Any CPU
		{18627121-3F08-43F9-BCDD-202C54A06F9B}.Debug|Any CPU.Build.0 = Debug|Any CPU
		{18627121-3F08-43F9-BCDD-202C54A06F9B}.Release|Any CPU.ActiveCfg = Release|Any CPU
		{18627121-3F08-43F9-BCDD-202C54A06F9B}.Release|Any CPU.Build.0 = Release|Any CPU
		{967522C7-B679-4AFA-AB47-7193E0482491}.Debug|Any CPU.ActiveCfg = Debug|Any CPU
		{967522C7-B679-4AFA-AB47-7193E0482491}.Debug|Any CPU.Build.0 = Debug|Any CPU
		{967522C7-B679-4AFA-AB47-7193E0482491}.Release|Any CPU.ActiveCfg = Release|Any CPU
		{967522C7-B679-4AFA-AB47-7193E0482491}.Release|Any CPU.Build.0 = Release|Any CPU
		{D74FBE7E-CC74-4BFC-BCA1-A644081CB38A}.Debug|Any CPU.ActiveCfg = Debug|Any CPU
		{D74FBE7E-CC74-4BFC-BCA1-A644081CB38A}.Debug|Any CPU.Build.0 = Debug|Any CPU
		{D74FBE7E-CC74-4BFC-BCA1-A644081CB38A}.Release|Any CPU.ActiveCfg = Release|Any CPU
		{D74FBE7E-CC74-4BFC-BCA1-A644081CB38A}.Release|Any CPU.Build.0 = Release|Any CPU
		{A5E2FD3E-0FD9-4C81-8625-784479F21CD0}.Debug|Any CPU.ActiveCfg = Debug|Any CPU
		{A5E2FD3E-0FD9-4C81-8625-784479F21CD0}.Debug|Any CPU.Build.0 = Debug|Any CPU
		{A5E2FD3E-0FD9-4C81-8625-784479F21CD0}.Release|Any CPU.ActiveCfg = Release|Any CPU
		{A5E2FD3E-0FD9-4C81-8625-784479F21CD0}.Release|Any CPU.Build.0 = Release|Any CPU
		{FCDCF375-77EF-425A-BBF5-8FFCD4069BA2}.Debug|Any CPU.ActiveCfg = Debug|Any CPU
		{FCDCF375-77EF-425A-BBF5-8FFCD4069BA2}.Debug|Any CPU.Build.0 = Debug|Any CPU
		{FCDCF375-77EF-425A-BBF5-8FFCD4069BA2}.Release|Any CPU.ActiveCfg = Release|Any CPU
		{FCDCF375-77EF-425A-BBF5-8FFCD4069BA2}.Release|Any CPU.Build.0 = Release|Any CPU
		{4078E5D7-E310-4EE0-B79C-1EA8AF25FFD4}.Debug|Any CPU.ActiveCfg = Debug|Any CPU
		{4078E5D7-E310-4EE0-B79C-1EA8AF25FFD4}.Debug|Any CPU.Build.0 = Debug|Any CPU
		{4078E5D7-E310-4EE0-B79C-1EA8AF25FFD4}.Release|Any CPU.ActiveCfg = Release|Any CPU
		{4078E5D7-E310-4EE0-B79C-1EA8AF25FFD4}.Release|Any CPU.Build.0 = Release|Any CPU
		{FA62ED49-FCE8-48B5-9202-13099F61175E}.Debug|Any CPU.ActiveCfg = Debug|Any CPU
		{FA62ED49-FCE8-48B5-9202-13099F61175E}.Debug|Any CPU.Build.0 = Debug|Any CPU
		{FA62ED49-FCE8-48B5-9202-13099F61175E}.Release|Any CPU.ActiveCfg = Release|Any CPU
		{FA62ED49-FCE8-48B5-9202-13099F61175E}.Release|Any CPU.Build.0 = Release|Any CPU
		{3E72AB87-82D8-4464-8268-0B8FAE9720C2}.Debug|Any CPU.ActiveCfg = Debug|Any CPU
		{3E72AB87-82D8-4464-8268-0B8FAE9720C2}.Debug|Any CPU.Build.0 = Debug|Any CPU
		{3E72AB87-82D8-4464-8268-0B8FAE9720C2}.Release|Any CPU.ActiveCfg = Release|Any CPU
		{3E72AB87-82D8-4464-8268-0B8FAE9720C2}.Release|Any CPU.Build.0 = Release|Any CPU
		{A873B034-7635-410F-BF0F-A47C2C0B521F}.Debug|Any CPU.ActiveCfg = Debug|Any CPU
		{A873B034-7635-410F-BF0F-A47C2C0B521F}.Debug|Any CPU.Build.0 = Debug|Any CPU
		{A873B034-7635-410F-BF0F-A47C2C0B521F}.Release|Any CPU.ActiveCfg = Release|Any CPU
		{A873B034-7635-410F-BF0F-A47C2C0B521F}.Release|Any CPU.Build.0 = Release|Any CPU
		{54AE7EFF-886C-45AA-AF98-932C070F2134}.Debug|Any CPU.ActiveCfg = Debug|Any CPU
		{54AE7EFF-886C-45AA-AF98-932C070F2134}.Debug|Any CPU.Build.0 = Debug|Any CPU
		{54AE7EFF-886C-45AA-AF98-932C070F2134}.Release|Any CPU.ActiveCfg = Release|Any CPU
		{54AE7EFF-886C-45AA-AF98-932C070F2134}.Release|Any CPU.Build.0 = Release|Any CPU
		{1BF21E4B-2952-453C-882E-9C84232A738D}.Debug|Any CPU.ActiveCfg = Debug|Any CPU
		{1BF21E4B-2952-453C-882E-9C84232A738D}.Debug|Any CPU.Build.0 = Debug|Any CPU
		{1BF21E4B-2952-453C-882E-9C84232A738D}.Release|Any CPU.ActiveCfg = Release|Any CPU
		{1BF21E4B-2952-453C-882E-9C84232A738D}.Release|Any CPU.Build.0 = Release|Any CPU
		{24931136-585C-46BC-A04E-163FC2550EF5}.Debug|Any CPU.ActiveCfg = Debug|Any CPU
		{24931136-585C-46BC-A04E-163FC2550EF5}.Debug|Any CPU.Build.0 = Debug|Any CPU
		{24931136-585C-46BC-A04E-163FC2550EF5}.Release|Any CPU.ActiveCfg = Release|Any CPU
		{24931136-585C-46BC-A04E-163FC2550EF5}.Release|Any CPU.Build.0 = Release|Any CPU
		{5383B88B-4F0E-4452-9462-FDB2F702D6B4}.Debug|Any CPU.ActiveCfg = Debug|Any CPU
		{5383B88B-4F0E-4452-9462-FDB2F702D6B4}.Debug|Any CPU.Build.0 = Debug|Any CPU
		{5383B88B-4F0E-4452-9462-FDB2F702D6B4}.Release|Any CPU.ActiveCfg = Release|Any CPU
		{5383B88B-4F0E-4452-9462-FDB2F702D6B4}.Release|Any CPU.Build.0 = Release|Any CPU
		{BDA40C69-DBEE-40E2-9204-88B0A45B6D89}.Debug|Any CPU.ActiveCfg = Debug|Any CPU
		{BDA40C69-DBEE-40E2-9204-88B0A45B6D89}.Debug|Any CPU.Build.0 = Debug|Any CPU
		{BDA40C69-DBEE-40E2-9204-88B0A45B6D89}.Release|Any CPU.ActiveCfg = Release|Any CPU
		{BDA40C69-DBEE-40E2-9204-88B0A45B6D89}.Release|Any CPU.Build.0 = Release|Any CPU
		{552BBDA3-214F-44A5-9B04-0CB6B872768D}.Debug|Any CPU.ActiveCfg = Debug|Any CPU
		{552BBDA3-214F-44A5-9B04-0CB6B872768D}.Debug|Any CPU.Build.0 = Debug|Any CPU
		{552BBDA3-214F-44A5-9B04-0CB6B872768D}.Release|Any CPU.ActiveCfg = Release|Any CPU
		{552BBDA3-214F-44A5-9B04-0CB6B872768D}.Release|Any CPU.Build.0 = Release|Any CPU
		{AEE014C9-EA1D-4E07-A619-5A76550C940C}.Debug|Any CPU.ActiveCfg = Debug|Any CPU
		{AEE014C9-EA1D-4E07-A619-5A76550C940C}.Debug|Any CPU.Build.0 = Debug|Any CPU
		{AEE014C9-EA1D-4E07-A619-5A76550C940C}.Release|Any CPU.ActiveCfg = Release|Any CPU
		{AEE014C9-EA1D-4E07-A619-5A76550C940C}.Release|Any CPU.Build.0 = Release|Any CPU
		{4D197C63-DD6C-4DEA-9336-3A1E0EF7F49B}.Debug|Any CPU.ActiveCfg = Debug|Any CPU
		{4D197C63-DD6C-4DEA-9336-3A1E0EF7F49B}.Debug|Any CPU.Build.0 = Debug|Any CPU
		{4D197C63-DD6C-4DEA-9336-3A1E0EF7F49B}.Release|Any CPU.ActiveCfg = Release|Any CPU
		{4D197C63-DD6C-4DEA-9336-3A1E0EF7F49B}.Release|Any CPU.Build.0 = Release|Any CPU
		{458A541E-DA5E-4F34-91B7-F143EA96A543}.Debug|Any CPU.ActiveCfg = Debug|Any CPU
		{458A541E-DA5E-4F34-91B7-F143EA96A543}.Debug|Any CPU.Build.0 = Debug|Any CPU
		{458A541E-DA5E-4F34-91B7-F143EA96A543}.Release|Any CPU.ActiveCfg = Release|Any CPU
		{458A541E-DA5E-4F34-91B7-F143EA96A543}.Release|Any CPU.Build.0 = Release|Any CPU
		{D5D975E0-8B43-461D-90E8-10FCE2902530}.Debug|Any CPU.ActiveCfg = Debug|Any CPU
		{D5D975E0-8B43-461D-90E8-10FCE2902530}.Debug|Any CPU.Build.0 = Debug|Any CPU
		{D5D975E0-8B43-461D-90E8-10FCE2902530}.Release|Any CPU.ActiveCfg = Release|Any CPU
		{D5D975E0-8B43-461D-90E8-10FCE2902530}.Release|Any CPU.Build.0 = Release|Any CPU
		{29100D7B-793C-4FE9-8318-99EF598EAD09}.Debug|Any CPU.ActiveCfg = Debug|Any CPU
		{29100D7B-793C-4FE9-8318-99EF598EAD09}.Debug|Any CPU.Build.0 = Debug|Any CPU
		{29100D7B-793C-4FE9-8318-99EF598EAD09}.Release|Any CPU.ActiveCfg = Release|Any CPU
		{29100D7B-793C-4FE9-8318-99EF598EAD09}.Release|Any CPU.Build.0 = Release|Any CPU
		{96ABAE6F-9E96-4A2F-912A-05E62672C8BC}.Debug|Any CPU.ActiveCfg = Debug|Any CPU
		{96ABAE6F-9E96-4A2F-912A-05E62672C8BC}.Debug|Any CPU.Build.0 = Debug|Any CPU
		{96ABAE6F-9E96-4A2F-912A-05E62672C8BC}.Release|Any CPU.ActiveCfg = Release|Any CPU
		{96ABAE6F-9E96-4A2F-912A-05E62672C8BC}.Release|Any CPU.Build.0 = Release|Any CPU
		{B2DB017D-52E4-41E7-850D-FF36677E5944}.Debug|Any CPU.ActiveCfg = Debug|Any CPU
		{B2DB017D-52E4-41E7-850D-FF36677E5944}.Debug|Any CPU.Build.0 = Debug|Any CPU
		{B2DB017D-52E4-41E7-850D-FF36677E5944}.Release|Any CPU.ActiveCfg = Release|Any CPU
		{B2DB017D-52E4-41E7-850D-FF36677E5944}.Release|Any CPU.Build.0 = Release|Any CPU
		{E9592D8D-D356-4627-BDBB-33262509638A}.Debug|Any CPU.ActiveCfg = Debug|Any CPU
		{E9592D8D-D356-4627-BDBB-33262509638A}.Debug|Any CPU.Build.0 = Debug|Any CPU
		{E9592D8D-D356-4627-BDBB-33262509638A}.Release|Any CPU.ActiveCfg = Release|Any CPU
		{E9592D8D-D356-4627-BDBB-33262509638A}.Release|Any CPU.Build.0 = Release|Any CPU
		{B7173FD1-034F-4586-8D3D-376EFEE239A2}.Debug|Any CPU.ActiveCfg = Debug|Any CPU
		{B7173FD1-034F-4586-8D3D-376EFEE239A2}.Debug|Any CPU.Build.0 = Debug|Any CPU
		{B7173FD1-034F-4586-8D3D-376EFEE239A2}.Release|Any CPU.ActiveCfg = Release|Any CPU
		{B7173FD1-034F-4586-8D3D-376EFEE239A2}.Release|Any CPU.Build.0 = Release|Any CPU
		{43D837F3-D599-4D3F-BD9D-8021CC92A561}.Debug|Any CPU.ActiveCfg = Debug|Any CPU
		{43D837F3-D599-4D3F-BD9D-8021CC92A561}.Debug|Any CPU.Build.0 = Debug|Any CPU
		{43D837F3-D599-4D3F-BD9D-8021CC92A561}.Release|Any CPU.ActiveCfg = Release|Any CPU
		{43D837F3-D599-4D3F-BD9D-8021CC92A561}.Release|Any CPU.Build.0 = Release|Any CPU
		{B5BB3824-661F-4C07-B7E0-B7E093E091B3}.Debug|Any CPU.ActiveCfg = Debug|Any CPU
		{B5BB3824-661F-4C07-B7E0-B7E093E091B3}.Debug|Any CPU.Build.0 = Debug|Any CPU
		{B5BB3824-661F-4C07-B7E0-B7E093E091B3}.Release|Any CPU.ActiveCfg = Release|Any CPU
		{B5BB3824-661F-4C07-B7E0-B7E093E091B3}.Release|Any CPU.Build.0 = Release|Any CPU
		{E40495A0-266F-4148-9B95-D7CBA869369C}.Debug|Any CPU.ActiveCfg = Debug|Any CPU
		{E40495A0-266F-4148-9B95-D7CBA869369C}.Debug|Any CPU.Build.0 = Debug|Any CPU
		{E40495A0-266F-4148-9B95-D7CBA869369C}.Release|Any CPU.ActiveCfg = Release|Any CPU
		{E40495A0-266F-4148-9B95-D7CBA869369C}.Release|Any CPU.Build.0 = Release|Any CPU
		{8D9CC36B-A7E8-4AD6-A0FE-A70D9DCE8A50}.Debug|Any CPU.ActiveCfg = Debug|Any CPU
		{8D9CC36B-A7E8-4AD6-A0FE-A70D9DCE8A50}.Debug|Any CPU.Build.0 = Debug|Any CPU
		{8D9CC36B-A7E8-4AD6-A0FE-A70D9DCE8A50}.Release|Any CPU.ActiveCfg = Release|Any CPU
		{8D9CC36B-A7E8-4AD6-A0FE-A70D9DCE8A50}.Release|Any CPU.Build.0 = Release|Any CPU
		{2FD2D762-12FC-4DDA-8D06-3F33D639C565}.Debug|Any CPU.ActiveCfg = Debug|Any CPU
		{2FD2D762-12FC-4DDA-8D06-3F33D639C565}.Debug|Any CPU.Build.0 = Debug|Any CPU
		{2FD2D762-12FC-4DDA-8D06-3F33D639C565}.Release|Any CPU.ActiveCfg = Release|Any CPU
		{2FD2D762-12FC-4DDA-8D06-3F33D639C565}.Release|Any CPU.Build.0 = Release|Any CPU
	EndGlobalSection
	GlobalSection(SolutionProperties) = preSolution
		HideSolutionNode = FALSE
	EndGlobalSection
	GlobalSection(NestedProjects) = preSolution
		{78034916-8981-475F-8D86-73836F853EFE} = {F79082C0-8708-4BFA-8374-12E2BDAF724E}
		{D15E0974-ADDE-4344-BC25-A07C2DB87373} = {F79082C0-8708-4BFA-8374-12E2BDAF724E}
		{8C71EF47-6EC0-440F-AA31-7DBF08BBF647} = {F79082C0-8708-4BFA-8374-12E2BDAF724E}
		{4FB1F46A-76CE-482E-8455-9B4D851C3543} = {F79082C0-8708-4BFA-8374-12E2BDAF724E}
		{5363190A-4E7C-413F-920E-65892FBC8B2B} = {F79082C0-8708-4BFA-8374-12E2BDAF724E}
		{6C715F80-9AFD-4CAB-8F54-385EA96FBE8F} = {F79082C0-8708-4BFA-8374-12E2BDAF724E}
		{4355ED1E-7DBF-48C0-AA81-67EA6C425805} = {F79082C0-8708-4BFA-8374-12E2BDAF724E}
		{A7B6A599-6894-412A-B217-98A281AF283F} = {F79082C0-8708-4BFA-8374-12E2BDAF724E}
		{95ECCB91-76F2-468E-A44E-B7CD96AC9A63} = {F79082C0-8708-4BFA-8374-12E2BDAF724E}
		{036E76A8-1EA1-45B5-B918-7D3D3804615E} = {F79082C0-8708-4BFA-8374-12E2BDAF724E}
		{63D50B03-EC05-4F0A-BAB3-9BBA836BF5EA} = {F79082C0-8708-4BFA-8374-12E2BDAF724E}
		{143F8187-ECE6-4524-9899-8D463A7E242B} = {F79082C0-8708-4BFA-8374-12E2BDAF724E}
		{18627121-3F08-43F9-BCDD-202C54A06F9B} = {F79082C0-8708-4BFA-8374-12E2BDAF724E}
		{967522C7-B679-4AFA-AB47-7193E0482491} = {F79082C0-8708-4BFA-8374-12E2BDAF724E}
		{D74FBE7E-CC74-4BFC-BCA1-A644081CB38A} = {F79082C0-8708-4BFA-8374-12E2BDAF724E}
		{A5E2FD3E-0FD9-4C81-8625-784479F21CD0} = {F79082C0-8708-4BFA-8374-12E2BDAF724E}
		{FCDCF375-77EF-425A-BBF5-8FFCD4069BA2} = {F79082C0-8708-4BFA-8374-12E2BDAF724E}
		{4078E5D7-E310-4EE0-B79C-1EA8AF25FFD4} = {F79082C0-8708-4BFA-8374-12E2BDAF724E}
		{FA62ED49-FCE8-48B5-9202-13099F61175E} = {F79082C0-8708-4BFA-8374-12E2BDAF724E}
		{3E72AB87-82D8-4464-8268-0B8FAE9720C2} = {F79082C0-8708-4BFA-8374-12E2BDAF724E}
		{A873B034-7635-410F-BF0F-A47C2C0B521F} = {F79082C0-8708-4BFA-8374-12E2BDAF724E}
		{54AE7EFF-886C-45AA-AF98-932C070F2134} = {F79082C0-8708-4BFA-8374-12E2BDAF724E}
		{1BF21E4B-2952-453C-882E-9C84232A738D} = {C2DDDCD8-60D3-4B06-BC1B-92431B7169AB}
		{24931136-585C-46BC-A04E-163FC2550EF5} = {C2DDDCD8-60D3-4B06-BC1B-92431B7169AB}
		{5383B88B-4F0E-4452-9462-FDB2F702D6B4} = {C2DDDCD8-60D3-4B06-BC1B-92431B7169AB}
		{BDA40C69-DBEE-40E2-9204-88B0A45B6D89} = {C2DDDCD8-60D3-4B06-BC1B-92431B7169AB}
		{552BBDA3-214F-44A5-9B04-0CB6B872768D} = {C2DDDCD8-60D3-4B06-BC1B-92431B7169AB}
		{AEE014C9-EA1D-4E07-A619-5A76550C940C} = {C2DDDCD8-60D3-4B06-BC1B-92431B7169AB}
		{4D197C63-DD6C-4DEA-9336-3A1E0EF7F49B} = {C2DDDCD8-60D3-4B06-BC1B-92431B7169AB}
		{458A541E-DA5E-4F34-91B7-F143EA96A543} = {C2DDDCD8-60D3-4B06-BC1B-92431B7169AB}
		{D5D975E0-8B43-461D-90E8-10FCE2902530} = {C2DDDCD8-60D3-4B06-BC1B-92431B7169AB}
		{29100D7B-793C-4FE9-8318-99EF598EAD09} = {C2DDDCD8-60D3-4B06-BC1B-92431B7169AB}
		{96ABAE6F-9E96-4A2F-912A-05E62672C8BC} = {C2DDDCD8-60D3-4B06-BC1B-92431B7169AB}
		{B2DB017D-52E4-41E7-850D-FF36677E5944} = {C2DDDCD8-60D3-4B06-BC1B-92431B7169AB}
		{E9592D8D-D356-4627-BDBB-33262509638A} = {C2DDDCD8-60D3-4B06-BC1B-92431B7169AB}
		{B7173FD1-034F-4586-8D3D-376EFEE239A2} = {C2DDDCD8-60D3-4B06-BC1B-92431B7169AB}
		{43D837F3-D599-4D3F-BD9D-8021CC92A561} = {C2DDDCD8-60D3-4B06-BC1B-92431B7169AB}
		{B5BB3824-661F-4C07-B7E0-B7E093E091B3} = {E890AB73-A430-437F-9FD8-A01916343116}
		{E40495A0-266F-4148-9B95-D7CBA869369C} = {E890AB73-A430-437F-9FD8-A01916343116}
		{8D9CC36B-A7E8-4AD6-A0FE-A70D9DCE8A50} = {E890AB73-A430-437F-9FD8-A01916343116}
		{2FD2D762-12FC-4DDA-8D06-3F33D639C565} = {E890AB73-A430-437F-9FD8-A01916343116}
	EndGlobalSection
	GlobalSection(ExtensibilityGlobals) = postSolution
		SolutionGuid = {C082F14C-DA6C-46EC-AB91-1C38B0936550}
	EndGlobalSection
EndGlobal
